
Microsoft Visual Studio Solution File, Format Version 12.00
# Visual Studio Version 17
VisualStudioVersion = 17.3.32804.467
MinimumVisualStudioVersion = 10.0.40219.1
Project("{9A19103F-16F7-4668-BE54-9A1E7A4F7556}") = "CompanyEmployees", "CompanyEmployees\CompanyEmployees.csproj", "{EFD48D19-C572-48C3-BF73-545CBE86CCD4}"
EndProject
Project("{FAE04EC0-301F-11D3-BF4B-00C04F79EFBC}") = "Contracts", "Contracts\Contracts.csproj", "{B1668BA3-D117-4081-8CFC-57B368BD5B26}"
EndProject
Project("{FAE04EC0-301F-11D3-BF4B-00C04F79EFBC}") = "LoggerService", "LoggerService\LoggerService.csproj", "{4C53A909-48F5-4CCB-93E7-95D8053627D0}"
EndProject
Global
	GlobalSection(SolutionConfigurationPlatforms) = preSolution
		Debug|Any CPU = Debug|Any CPU
		Release|Any CPU = Release|Any CPU
	EndGlobalSection
	GlobalSection(ProjectConfigurationPlatforms) = postSolution
		{EFD48D19-C572-48C3-BF73-545CBE86CCD4}.Debug|Any CPU.ActiveCfg = Debug|Any CPU
		{EFD48D19-C572-48C3-BF73-545CBE86CCD4}.Debug|Any CPU.Build.0 = Debug|Any CPU
		{EFD48D19-C572-48C3-BF73-545CBE86CCD4}.Release|Any CPU.ActiveCfg = Release|Any CPU
		{EFD48D19-C572-48C3-BF73-545CBE86CCD4}.Release|Any CPU.Build.0 = Release|Any CPU
		{B1668BA3-D117-4081-8CFC-57B368BD5B26}.Debug|Any CPU.ActiveCfg = Debug|Any CPU
		{B1668BA3-D117-4081-8CFC-57B368BD5B26}.Debug|Any CPU.Build.0 = Debug|Any CPU
		{B1668BA3-D117-4081-8CFC-57B368BD5B26}.Release|Any CPU.ActiveCfg = Release|Any CPU
		{B1668BA3-D117-4081-8CFC-57B368BD5B26}.Release|Any CPU.Build.0 = Release|Any CPU
		{4C53A909-48F5-4CCB-93E7-95D8053627D0}.Debug|Any CPU.ActiveCfg = Debug|Any CPU
		{4C53A909-48F5-4CCB-93E7-95D8053627D0}.Debug|Any CPU.Build.0 = Debug|Any CPU
		{4C53A909-48F5-4CCB-93E7-95D8053627D0}.Release|Any CPU.ActiveCfg = Release|Any CPU
		{4C53A909-48F5-4CCB-93E7-95D8053627D0}.Release|Any CPU.Build.0 = Release|Any CPU
	EndGlobalSection
	GlobalSection(SolutionProperties) = preSolution
		HideSolutionNode = FALSE
	EndGlobalSection
	GlobalSection(ExtensibilityGlobals) = postSolution
		SolutionGuid = {934C7217-8651-48F2-87CE-010E52898A91}
	EndGlobalSection
EndGlobal
